
Microsoft Visual Studio Solution File, Format Version 12.00
# Visual Studio Version 16
VisualStudioVersion = 16.0.29905.134
MinimumVisualStudioVersion = 10.0.40219.1
Project("{FAE04EC0-301F-11D3-BF4B-00C04F79EFBC}") = "UI Design", "UI Design\UI Design.csproj", "{265D486E-0B28-409B-8CBE-32BCAB63B724}"
EndProject
Global
	GlobalSection(SolutionConfigurationPlatforms) = preSolution
		Debug|Any CPU = Debug|Any CPU
		Release|Any CPU = Release|Any CPU
	EndGlobalSection
	GlobalSection(ProjectConfigurationPlatforms) = postSolution
		{265D486E-0B28-409B-8CBE-32BCAB63B724}.Debug|Any CPU.ActiveCfg = Debug|Any CPU
		{265D486E-0B28-409B-8CBE-32BCAB63B724}.Debug|Any CPU.Build.0 = Debug|Any CPU
		{265D486E-0B28-409B-8CBE-32BCAB63B724}.Release|Any CPU.ActiveCfg = Release|Any CPU
		{265D486E-0B28-409B-8CBE-32BCAB63B724}.Release|Any CPU.Build.0 = Release|Any CPU
	EndGlobalSection
	GlobalSection(SolutionProperties) = preSolution
		HideSolutionNode = FALSE
	EndGlobalSection
	GlobalSection(ExtensibilityGlobals) = postSolution
		SolutionGuid = {0CACB9FA-CA08-4AD0-92CD-5649AD907721}
	EndGlobalSection
EndGlobal
